Microsoft Visual Studio Solution File, Format Version 11.00
# Visual Studio 2008

Project("{1F2DFA56-7DCF-9583-3EDD-F7AEC167FEC7}") = "mp", "Assembly-CSharp.csproj", "{322B1FEB-E781-BADF-B5AB-B2509B420839}"
EndProject
Global
	GlobalSection(SolutionConfigurationPlatforms) = preSolution
		Debug|Any CPU = Debug|Any CPU
		Release|Any CPU = Release|Any CPU
	EndGlobalSection
	GlobalSection(ProjectConfigurationPlatforms) = postSolution
		{322B1FEB-E781-BADF-B5AB-B2509B420839}.Debug|Any CPU.ActiveCfg = Debug|Any CPU
		{322B1FEB-E781-BADF-B5AB-B2509B420839}.Debug|Any CPU.Build.0 = Debug|Any CPU
		{322B1FEB-E781-BADF-B5AB-B2509B420839}.Release|Any CPU.ActiveCfg = Release|Any CPU
		{322B1FEB-E781-BADF-B5AB-B2509B420839}.Release|Any CPU.Build.0 = Release|Any CPU
	EndGlobalSection
	GlobalSection(SolutionProperties) = preSolution
		HideSolutionNode = FALSE
	EndGlobalSection
	GlobalSection(MonoDevelopProperties) = preSolution
		StartupItem = Assembly-CSharp.csproj
	EndGlobalSection
EndGlobal
